// !$*UTF8*$!
{
	archiveVersion = 1;
	classes = {
	};
	objectVersion = 46;
	objects = {

/* Begin PBXBuildFile section */
		28F632BF1EB737BA00548B4A /* AppDelegate.swift in Sources */ = {isa = PBXBuildFile; fileRef = 28F632BE1EB737BA00548B4A /* AppDelegate.swift */; };
		28F632C11EB737BA00548B4A /* ViewController.swift in Sources */ = {isa = PBXBuildFile; fileRef = 28F632C01EB737BA00548B4A /* ViewController.swift */; };
		28F632C41EB737BA00548B4A /* Main.storyboard in Resources */ = {isa = PBXBuildFile; fileRef = 28F632C21EB737BA00548B4A /* Main.storyboard */; };
		28F632C61EB737BA00548B4A /* Assets.xcassets in Resources */ = {isa = PBXBuildFile; fileRef = 28F632C51EB737BA00548B4A /* Assets.xcassets */; };
		28F632C91EB737BA00548B4A /* LaunchScreen.storyboard in Resources */ = {isa = PBXBuildFile; fileRef = 28F632C71EB737BA00548B4A /* LaunchScreen.storyboard */; };
/* End PBXBuildFile section */

/* Begin PBXFileReference section */
		28F632BB1EB737BA00548B4A /* Emoji App.app */ = {isa = PBXFileReference; explicitFileType = wrapper.application; includeInIndex = 0; path = "Emoji App.app"; sourceTree = BUILT_PRODUCTS_DIR; };
		28F632BE1EB737BA00548B4A /* AppDelegate.swift */ = {isa = PBXFileReference; lastKnownFileType = sourcecode.swift; path = AppDelegate.swift; sourceTree = "<group>"; };
		28F632C01EB737BA00548B4A /* ViewController.swift */ = {isa = PBXFileReference; lastKnownFileType = sourcecode.swift; path = ViewController.swift; sourceTree = "<group>"; };
		28F632C31EB737BA00548B4A /* Base */ = {isa = PBXFileReference; lastKnownFileType = file.storyboard; name = Base; path = Base.lproj/Main.storyboard; sourceTree = "<group>"; };
		28F632C51EB737BA00548B4A /* Assets.xcassets */ = {isa = PBXFileReference; lastKnownFileType = folder.assetcatalog; path = Assets.xcassets; sourceTree = "<group>"; };
		28F632C81EB737BA00548B4A /* Base */ = {isa = PBXFileReference; lastKnownFileType = file.storyboard; name = Base; path = Base.lproj/LaunchScreen.storyboard; sourceTree = "<group>"; };
		28F632CA1EB737BA00548B4A /* Info.plist */ = {isa = PBXFileReference; lastKnownFileType = text.plist.xml; path = Info.plist; sourceTree = "<group>"; };
/* End PBXFileReference section */

/* Begin PBXFrameworksBuildPhase section */
		28F632B81EB737BA00548B4A /* Frameworks */ = {
			isa = PBXFrameworksBuildPhase;
			buildActionMask = 2147483647;
			files = (
			);
			runOnlyForDeploymentPostprocessing = 0;
		};
/* End PBXFrameworksBuildPhase section */

/* Begin PBXGroup section */
		28F632B21EB737BA00548B4A = {
			isa = PBXGroup;
			children = (
				28F632BD1EB737BA00548B4A /* Emoji App */,
				28F632BC1EB737BA00548B4A /* Products */,
			);
			sourceTree = "<group>";
		};
		28F632BC1EB737BA00548B4A /* Products */ = {
			isa = PBXGroup;
			children = (
				28F632BB1EB737BA00548B4A /* Emoji App.app */,
			);
			name = Products;
			sourceTree = "<group>";
		};
		28F632BD1EB737BA00548B4A /* Emoji App */ = {
			isa = PBXGroup;
			children = (
				28F632BE1EB737BA00548B4A /* AppDelegate.swift */,
				28F632C01EB737BA00548B4A /* ViewController.swift */,
				28F632C21EB737BA00548B4A /* Main.storyboard */,
				28F632C51EB737BA00548B4A /* Assets.xcassets */,
				28F632C71EB737BA00548B4A /* LaunchScreen.storyboard */,
				28F632CA1EB737BA00548B4A /* Info.plist */,
			);
			path = "Emoji App";
			sourceTree = "<group>";
		};
/* End PBXGroup section */

/* Begin PBXNativeTarget section */
		28F632BA1EB737BA00548B4A /* Emoji App */ = {
			isa = PBXNativeTarget;
			buildConfigurationList = 28F632CD1EB737BA00548B4A /* Build configuration list for PBXNativeTarget "Emoji App" */;
			buildPhases = (
				28F632B71EB737BA00548B4A /* Sources */,
				28F632B81EB737BA00548B4A /* Frameworks */,
				28F632B91EB737BA00548B4A /* Resources */,
			);
			buildRules = (
			);
			dependencies = (
			);
			name = "Emoji App";
			productName = "Emoji App";
			productReference = 28F632BB1EB737BA00548B4A /* Emoji App.app */;
			productType = "com.apple.product-type.application";
		};
/* End PBXNativeTarget section */

/* Begin PBXProject section */
		28F632B31EB737BA00548B4A /* Project object */ = {
			isa = PBXProject;
			attributes = {
				LastSwiftUpdateCheck = 0830;
				LastUpgradeCheck = 0830;
				ORGANIZATIONNAME = "Ayush Garg";
				TargetAttributes = {
					28F632BA1EB737BA00548B4A = {
						CreatedOnToolsVersion = 8.3.2;
						DevelopmentTeam = V3B9KZPAVP;
						ProvisioningStyle = Automatic;
					};
				};
			};
			buildConfigurationList = 28F632B61EB737BA00548B4A /* Build configuration list for PBXProject "Emoji App" */;
			compatibilityVersion = "Xcode 3.2";
			developmentRegion = English;
			hasScannedForEncodings = 0;
			knownRegions = (
				en,
				Base,
			);
			mainGroup = 28F632B21EB737BA00548B4A;
			productRefGroup = 28F632BC1EB737BA00548B4A /* Products */;
			projectDirPath = "";
			projectRoot = "";
			targets = (
				28F632BA1EB737BA00548B4A /* Emoji App */,
			);
		};
/* End PBXProject section */

/* Begin PBXResourcesBuildPhase section */
		28F632B91EB737BA00548B4A /* Resources */ = {
			isa = PBXResourcesBuildPhase;
			buildActionMask = 2147483647;
			files = (
				28F632C91EB737BA00548B4A /* LaunchScreen.storyboard in Resources */,
				28F632C61EB737BA00548B4A /* Assets.xcassets in Resources */,
				28F632C41EB737BA00548B4A /* Main.storyboard in Resources */,
			);
			runOnlyForDeploymentPostprocessing = 0;
		};
/* End PBXResourcesBuildPhase section */

/* Begin PBXSourcesBuildPhase section */
		28F632B71EB737BA00548B4A /* Sources */ = {
			isa = PBXSourcesBuildPhase;
			buildActionMask = 2147483647;
			files = (
				28F632C11EB737BA00548B4A /* ViewController.swift in Sources */,
				28F632BF1EB737BA00548B4A /* AppDelegate.swift in Sources */,
			);
			runOnlyForDeploymentPostprocessing = 0;
		};
/* End PBXSourcesBuildPhase section */

/* Begin PBXVariantGroup section */
		28F632C21EB737BA00548B4A /* Main.storyboard */ = {
			isa = PBXVariantGroup;
			children = (
				28F632C31EB737BA00548B4A /* Base */,
			);
			name = Main.storyboard;
			sourceTree = "<group>";
		};
		28F632C71EB737BA00548B4A /* LaunchScreen.storyboard */ = {
			isa = PBXVariantGroup;
			children = (
				28F632C81EB737BA00548B4A /* Base */,
			);
			name = LaunchScreen.storyboard;
			sourceTree = "<group>";
		};
/* End PBXVariantGroup section */

/* Begin XCBuildConfiguration section */
		28F632CB1EB737BA00548B4A /* Debug */ = {
			isa = XCBuildConfiguration;
			buildSettings = {
				ALWAYS_SEARCH_USER_PATHS = NO;
				CLANG_ANALYZER_NONNULL = YES;
				CLANG_ANALYZER_NUMBER_OBJECT_CONVERSION = YES_AGGRESSIVE;
				CLANG_CXX_LANGUAGE_STANDARD = "gnu++0x";
				CLANG_CXX_LIBRARY = "libc++";
				CLANG_ENABLE_MODULES = YES;
				CLANG_ENABLE_OBJC_ARC = YES;
				CLANG_WARN_BOOL_CONVERSION = YES;
				CLANG_WARN_CONSTANT_CONVERSION = YES;
				CLANG_WARN_DIRECT_OBJC_ISA_USAGE = YES_ERROR;
				CLANG_WARN_DOCUMENTATION_COMMENTS = YES;
				CLANG_WARN_EMPTY_BODY = YES;
				CLANG_WARN_ENUM_CONVERSION = YES;
				CLANG_WARN_INFINITE_RECURSION = YES;
				CLANG_WARN_INT_CONVERSION = YES;
				CLANG_WARN_OBJC_ROOT_CLASS = YES_ERROR;
				CLANG_WARN_SUSPICIOUS_MOVE = YES;
				CLANG_WARN_UNREACHABLE_CODE = YES;
				CLANG_WARN__DUPLICATE_METHOD_MATCH = YES;
				"CODE_SIGN_IDENTITY[sdk=iphoneos*]" = "iPhone Developer";
				COPY_PHASE_STRIP = NO;
				DEBUG_INFORMATION_FORMAT = dwarf;
				ENABLE_STRICT_OBJC_MSGSEND = YES;
				ENABLE_TESTABILITY = YES;
				GCC_C_LANGUAGE_STANDARD = gnu99;
				GCC_DYNAMIC_NO_PIC = NO;
				GCC_NO_COMMON_BLOCKS = YES;
				GCC_OPTIMIZATION_LEVEL = 0;
				GCC_PREPROCESSOR_DEFINITIONS = (
					"DEBUG=1",
					"$(inherited)",
				);
				GCC_WARN_64_TO_32_BIT_CONVERSION = YES;
				GCC_WARN_ABOUT_RETURN_TYPE = YES_ERROR;
				GCC_WARN_UNDECLARED_SELECTOR = YES;
				GCC_WARN_UNINITIALIZED_AUTOS = YES_AGGRESSIVE;
				GCC_WARN_UNUSED_FUNCTION = YES;
				GCC_WARN_UNUSED_VARIABLE = YES;
				IPHONEOS_DEPLOYMENT_TARGET = 10.3;
				MTL_ENABLE_DEBUG_INFO = YES;
				ONLY_ACTIVE_ARCH = YES;
				SDKROOT = iphoneos;
				SWIFT_ACTIVE_COMPILATION_CONDITIONS = DEBUG;
				SWIFT_OPTIMIZATION_LEVEL = "-Onone";
				TARGETED_DEVICE_FAMILY = "1,2";
			};
			name = Debug;
		};
		28F632CC1EB737BA00548B4A /* Release */ = {
			isa = XCBuildConfiguration;
			buildSettings = {
				ALWAYS_SEARCH_USER_PATHS = NO;
				CLANG_ANALYZER_NONNULL = YES;
				CLANG_ANALYZER_NUMBER_OBJECT_CONVERSION = YES_AGGRESSIVE;
				CLANG_CXX_LANGUAGE_STANDARD = "gnu++0x";
				CLANG_CXX_LIBRARY = "libc++";
				CLANG_ENABLE_MODULES = YES;
				CLANG_ENABLE_OBJC_ARC = YES;
				CLANG_WARN_BOOL_CONVERSION = YES;
				CLANG_WARN_CONSTANT_CONVERSION = YES;
				CLANG_WARN_DIRECT_OBJC_ISA_USAGE = YES_ERROR;
				CLANG_WARN_DOCUMENTATION_COMMENTS = YES;
				CLANG_WARN_EMPTY_BODY = YES;
				CLANG_WARN_ENUM_CONVERSION = YES;
				CLANG_WARN_INFINITE_RECURSION = YES;
				CLANG_WARN_INT_CONVERSION = YES;
				CLANG_WARN_OBJC_ROOT_CLASS = YES_ERROR;
				CLANG_WARN_SUSPICIOUS_MOVE = YES;
				CLANG_WARN_UNREACHABLE_CODE = YES;
				CLANG_WARN__DUPLICATE_METHOD_MATCH = YES;
				"CODE_SIGN_IDENTITY[sdk=iphoneos*]" = "iPhone Developer";
				COPY_PHASE_STRIP = NO;
				DEBUG_INFORMATION_FORMAT = "dwarf-with-dsym";
				ENABLE_NS_ASSERTIONS = NO;
				ENABLE_STRICT_OBJC_MSGSEND = YES;
				GCC_C_LANGUAGE_STANDARD = gnu99;
				GCC_NO_COMMON_BLOCKS = YES;
				GCC_WARN_64_TO_32_BIT_CONVERSION = YES;
				GCC_WARN_ABOUT_RETURN_TYPE = YES_ERROR;
				GCC_WARN_UNDECLARED_SELECTOR = YES;
				GCC_WARN_UNINITIALIZED_AUTOS = YES_AGGRESSIVE;
				GCC_WARN_UNUSED_FUNCTION = YES;
				GCC_WARN_UNUSED_VARIABLE = YES;
				IPHONEOS_DEPLOYMENT_TARGET = 10.3;
				MTL_ENABLE_DEBUG_INFO = NO;
				SDKROOT = iphoneos;
				SWIFT_OPTIMIZATION_LEVEL = "-Owholemodule";
				TARGETED_DEVICE_FAMILY = "1,2";
				VALIDATE_PRODUCT = YES;
			};
			name = Release;
		};
		28F632CE1EB737BA00548B4A /* Debug */ = {
			isa = XCBuildConfiguration;
			buildSettings = {
				ASSETCATALOG_COMPILER_APPICON_NAME = AppIcon;
				DEVELOPMENT_TEAM = V3B9KZPAVP;
				INFOPLIST_FILE = "Emoji App/Info.plist";
				LD_RUNPATH_SEARCH_PATHS = "$(inherited) @executable_path/Frameworks";
				PRODUCT_BUNDLE_IDENTIFIER = "Test-App.Emoji-App";
				PRODUCT_NAME = "$(TARGET_NAME)";
				SWIFT_VERSION = 3.0;
			};
			name = Debug;
		};
		28F632CF1EB737BA00548B4A /* Release */ = {
			isa = XCBuildConfiguration;
			buildSettings = {
				ASSETCATALOG_COMPILER_APPICON_NAME = AppIcon;
				DEVELOPMENT_TEAM = V3B9KZPAVP;
				INFOPLIST_FILE = "Emoji App/Info.plist";
				LD_RUNPATH_SEARCH_PATHS = "$(inherited) @executable_path/Frameworks";
				PRODUCT_BUNDLE_IDENTIFIER = "Test-App.Emoji-App";
				PRODUCT_NAME = "$(TARGET_NAME)";
				SWIFT_VERSION = 3.0;
			};
			name = Release;
		};
/* End XCBuildConfiguration section */

/* Begin XCConfigurationList section */
		28F632B61EB737BA00548B4A /* Build configuration list for PBXProject "Emoji App" */ = {
			isa = XCConfigurationList;
			buildConfigurations = (
				28F632CB1EB737BA00548B4A /* Debug */,
				28F632CC1EB737BA00548B4A /* Release */,
			);
			defaultConfigurationIsVisible = 0;
			defaultConfigurationName = Release;
		};
		28F632CD1EB737BA00548B4A /* Build configuration list for PBXNativeTarget "Emoji App" */ = {
			isa = XCConfigurationList;
			buildConfigurations = (
				28F632CE1EB737BA00548B4A /* Debug */,
				28F632CF1EB737BA00548B4A /* Release */,
			);
			defaultConfigurationIsVisible = 0;
		};
/* End XCConfigurationList section */
	};
	rootObject = 28F632B31EB737BA00548B4A /* Project object */;
}
